
Microsoft Visual Studio Solution File, Format Version 12.00
# Visual Studio Version 17
VisualStudioVersion = 17.0.31903.59
MinimumVisualStudioVersion = 10.0.40219.1
Project("{FAE04EC0-301F-11D3-BF4B-00C04F79EFBC}") = "TechChallenge.api", "TechChallenge.api\TechChallenge.api.csproj", "{B1BC13B6-1A5B-484A-80A2-1FAF10249C80}"
EndProject
Project("{FAE04EC0-301F-11D3-BF4B-00C04F79EFBC}") = "TechChallenge.Test", "TechChallenge.Test\TechChallenge.Test.csproj", "{5E3F2120-27B5-4E49-9983-8D18F6DD5B26}"
EndProject
Global
	GlobalSection(SolutionConfigurationPlatforms) = preSolution
		Debug|Any CPU = Debug|Any CPU
		Release|Any CPU = Release|Any CPU
	EndGlobalSection
	GlobalSection(SolutionProperties) = preSolution
		HideSolutionNode = FALSE
	EndGlobalSection
	GlobalSection(ProjectConfigurationPlatforms) = postSolution
		{B1BC13B6-1A5B-484A-80A2-1FAF10249C80}.Debug|Any CPU.ActiveCfg = Debug|Any CPU
		{B1BC13B6-1A5B-484A-80A2-1FAF10249C80}.Debug|Any CPU.Build.0 = Debug|Any CPU
		{B1BC13B6-1A5B-484A-80A2-1FAF10249C80}.Release|Any CPU.ActiveCfg = Release|Any CPU
		{B1BC13B6-1A5B-484A-80A2-1FAF10249C80}.Release|Any CPU.Build.0 = Release|Any CPU
		{2F495064-D4EA-4211-98AE-1FA0A9704A47}.Debug|Any CPU.ActiveCfg = Debug|Any CPU
		{2F495064-D4EA-4211-98AE-1FA0A9704A47}.Debug|Any CPU.Build.0 = Debug|Any CPU
		{2F495064-D4EA-4211-98AE-1FA0A9704A47}.Release|Any CPU.ActiveCfg = Release|Any CPU
		{2F495064-D4EA-4211-98AE-1FA0A9704A47}.Release|Any CPU.Build.0 = Release|Any CPU
		{5E3F2120-27B5-4E49-9983-8D18F6DD5B26}.Debug|Any CPU.ActiveCfg = Debug|Any CPU
		{5E3F2120-27B5-4E49-9983-8D18F6DD5B26}.Debug|Any CPU.Build.0 = Debug|Any CPU
		{5E3F2120-27B5-4E49-9983-8D18F6DD5B26}.Release|Any CPU.ActiveCfg = Release|Any CPU
		{5E3F2120-27B5-4E49-9983-8D18F6DD5B26}.Release|Any CPU.Build.0 = Release|Any CPU
	EndGlobalSection
EndGlobal
